// !$*UTF8*$!
{
	archiveVersion = 1;
	classes = {
	};
	objectVersion = 50;
	objects = {

/* Begin PBXBuildFile section */
		62D1EBF6A539D151AB15F6EE /* Pods_Todoey.framework in Frameworks */ = {isa = PBXBuildFile; fileRef = C0866914073F54C6247CB0AB /* Pods_Todoey.framework */; };
		7D2530622354C3B4005113A2 /* Item.swift in Sources */ = {isa = PBXBuildFile; fileRef = 7D2530612354C3B4005113A2 /* Item.swift */; };
		7DD0BE32231033FF008A7A8A /* AppDelegate.swift in Sources */ = {isa = PBXBuildFile; fileRef = 7DD0BE31231033FF008A7A8A /* AppDelegate.swift */; };
		7DD0BE34231033FF008A7A8A /* TodoListViewController.swift in Sources */ = {isa = PBXBuildFile; fileRef = 7DD0BE33231033FF008A7A8A /* TodoListViewController.swift */; };
		7DD0BE37231033FF008A7A8A /* Main.storyboard in Resources */ = {isa = PBXBuildFile; fileRef = 7DD0BE35231033FF008A7A8A /* Main.storyboard */; };
		7DD0BE3923103401008A7A8A /* Assets.xcassets in Resources */ = {isa = PBXBuildFile; fileRef = 7DD0BE3823103401008A7A8A /* Assets.xcassets */; };
		7DD0BE3C23103401008A7A8A /* LaunchScreen.storyboard in Resources */ = {isa = PBXBuildFile; fileRef = 7DD0BE3A23103401008A7A8A /* LaunchScreen.storyboard */; };
		7DD0D73D238693DF004520F2 /* DataModel.xcdatamodeld in Sources */ = {isa = PBXBuildFile; fileRef = 7DD0D73B238693DF004520F2 /* DataModel.xcdatamodeld */; };
		7DD0D73F2387F63E004520F2 /* CatagoryViewController.swift in Sources */ = {isa = PBXBuildFile; fileRef = 7DD0D73E2387F63E004520F2 /* CatagoryViewController.swift */; };
/* End PBXBuildFile section */

/* Begin PBXFileReference section */
		2A97B9CDE625D9A991D84115 /* Pods-Todoey.debug.xcconfig */ = {isa = PBXFileReference; includeInIndex = 1; lastKnownFileType = text.xcconfig; name = "Pods-Todoey.debug.xcconfig"; path = "Target Support Files/Pods-Todoey/Pods-Todoey.debug.xcconfig"; sourceTree = "<group>"; };
		7D2530602350BB6E005113A2 /* UserDefultsExample.playground */ = {isa = PBXFileReference; lastKnownFileType = file.playground; path = UserDefultsExample.playground; sourceTree = "<group>"; xcLanguageSpecificationIdentifier = xcode.lang.swift; };
		7D2530612354C3B4005113A2 /* Item.swift */ = {isa = PBXFileReference; lastKnownFileType = sourcecode.swift; path = Item.swift; sourceTree = "<group>"; };
		7DD0BE2E231033FF008A7A8A /* Todoey.app */ = {isa = PBXFileReference; explicitFileType = wrapper.application; includeInIndex = 0; path = Todoey.app; sourceTree = BUILT_PRODUCTS_DIR; };
		7DD0BE31231033FF008A7A8A /* AppDelegate.swift */ = {isa = PBXFileReference; lastKnownFileType = sourcecode.swift; path = AppDelegate.swift; sourceTree = "<group>"; };
		7DD0BE33231033FF008A7A8A /* TodoListViewController.swift */ = {isa = PBXFileReference; lastKnownFileType = sourcecode.swift; path = TodoListViewController.swift; sourceTree = "<group>"; };
		7DD0BE36231033FF008A7A8A /* Base */ = {isa = PBXFileReference; lastKnownFileType = file.storyboard; name = Base; path = Base.lproj/Main.storyboard; sourceTree = "<group>"; };
		7DD0BE3823103401008A7A8A /* Assets.xcassets */ = {isa = PBXFileReference; lastKnownFileType = folder.assetcatalog; path = Assets.xcassets; sourceTree = "<group>"; };
		7DD0BE3B23103401008A7A8A /* Base */ = {isa = PBXFileReference; lastKnownFileType = file.storyboard; name = Base; path = Base.lproj/LaunchScreen.storyboard; sourceTree = "<group>"; };
		7DD0BE3D23103401008A7A8A /* Info.plist */ = {isa = PBXFileReference; lastKnownFileType = text.plist.xml; path = Info.plist; sourceTree = "<group>"; };
		7DD0D73C238693DF004520F2 /* DataModel.xcdatamodel */ = {isa = PBXFileReference; lastKnownFileType = wrapper.xcdatamodel; path = DataModel.xcdatamodel; sourceTree = "<group>"; };
		7DD0D73E2387F63E004520F2 /* CatagoryViewController.swift */ = {isa = PBXFileReference; lastKnownFileType = sourcecode.swift; path = CatagoryViewController.swift; sourceTree = "<group>"; };
		7FE81E0AEC49D014A37C9F56 /* Pods-Todoey.release.xcconfig */ = {isa = PBXFileReference; includeInIndex = 1; lastKnownFileType = text.xcconfig; name = "Pods-Todoey.release.xcconfig"; path = "Target Support Files/Pods-Todoey/Pods-Todoey.release.xcconfig"; sourceTree = "<group>"; };
		C0866914073F54C6247CB0AB /* Pods_Todoey.framework */ = {isa = PBXFileReference; explicitFileType = wrapper.framework; includeInIndex = 0; path = Pods_Todoey.framework; sourceTree = BUILT_PRODUCTS_DIR; };
/* End PBXFileReference section */

/* Begin PBXFrameworksBuildPhase section */
		7DD0BE2B231033FF008A7A8A /* Frameworks */ = {
			isa = PBXFrameworksBuildPhase;
			buildActionMask = 2147483647;
			files = (
				62D1EBF6A539D151AB15F6EE /* Pods_Todoey.framework in Frameworks */,
			);
			runOnlyForDeploymentPostprocessing = 0;
		};
/* End PBXFrameworksBuildPhase section */

/* Begin PBXGroup section */
		4C3BA08BDC9171D96855DBCF /* Frameworks */ = {
			isa = PBXGroup;
			children = (
				C0866914073F54C6247CB0AB /* Pods_Todoey.framework */,
			);
			name = Frameworks;
			sourceTree = "<group>";
		};
		5D46E20707A9C57D66BD91A3 /* Pods */ = {
			isa = PBXGroup;
			children = (
				2A97B9CDE625D9A991D84115 /* Pods-Todoey.debug.xcconfig */,
				7FE81E0AEC49D014A37C9F56 /* Pods-Todoey.release.xcconfig */,
			);
			name = Pods;
			path = Pods;
			sourceTree = "<group>";
		};
		7D2530632354C3B9005113A2 /* Data Model */ = {
			isa = PBXGroup;
			children = (
				7DD0D73B238693DF004520F2 /* DataModel.xcdatamodeld */,
				7D2530612354C3B4005113A2 /* Item.swift */,
			);
			path = "Data Model";
			sourceTree = "<group>";
		};
		7D2530642354C3F3005113A2 /* Controllers */ = {
			isa = PBXGroup;
			children = (
				7DD0D73E2387F63E004520F2 /* CatagoryViewController.swift */,
				7DD0BE33231033FF008A7A8A /* TodoListViewController.swift */,
			);
			path = Controllers;
			sourceTree = "<group>";
		};
		7D2530652354C40A005113A2 /* Views */ = {
			isa = PBXGroup;
			children = (
				7DD0BE35231033FF008A7A8A /* Main.storyboard */,
			);
			path = Views;
			sourceTree = "<group>";
		};
		7D2530662354C430005113A2 /* Supporting Files */ = {
			isa = PBXGroup;
			children = (
				7DD0BE3823103401008A7A8A /* Assets.xcassets */,
				7DD0BE3A23103401008A7A8A /* LaunchScreen.storyboard */,
				7D2530602350BB6E005113A2 /* UserDefultsExample.playground */,
			);
			path = "Supporting Files";
			sourceTree = "<group>";
		};
		7DD0BE25231033FF008A7A8A = {
			isa = PBXGroup;
			children = (
				7DD0BE30231033FF008A7A8A /* Todoey */,
				7DD0BE2F231033FF008A7A8A /* Products */,
				5D46E20707A9C57D66BD91A3 /* Pods */,
				4C3BA08BDC9171D96855DBCF /* Frameworks */,
			);
			sourceTree = "<group>";
		};
		7DD0BE2F231033FF008A7A8A /* Products */ = {
			isa = PBXGroup;
			children = (
				7DD0BE2E231033FF008A7A8A /* Todoey.app */,
			);
			name = Products;
			sourceTree = "<group>";
		};
		7DD0BE30231033FF008A7A8A /* Todoey */ = {
			isa = PBXGroup;
			children = (
				7DD0BE31231033FF008A7A8A /* AppDelegate.swift */,
				7D2530642354C3F3005113A2 /* Controllers */,
				7D2530632354C3B9005113A2 /* Data Model */,
				7D2530652354C40A005113A2 /* Views */,
				7D2530662354C430005113A2 /* Supporting Files */,
				7DD0BE3D23103401008A7A8A /* Info.plist */,
			);
			path = Todoey;
			sourceTree = "<group>";
		};
/* End PBXGroup section */

/* Begin PBXNativeTarget section */
		7DD0BE2D231033FF008A7A8A /* Todoey */ = {
			isa = PBXNativeTarget;
			buildConfigurationList = 7DD0BE4023103401008A7A8A /* Build configuration list for PBXNativeTarget "Todoey" */;
			buildPhases = (
				A7F7A6C2B4341D6B02141649 /* [CP] Check Pods Manifest.lock */,
				7DD0BE2A231033FF008A7A8A /* Sources */,
				7DD0BE2B231033FF008A7A8A /* Frameworks */,
				7DD0BE2C231033FF008A7A8A /* Resources */,
				887D1C7B419C221874478028 /* [CP] Embed Pods Frameworks */,
			);
			buildRules = (
			);
			dependencies = (
			);
			name = Todoey;
			productName = Todoey;
			productReference = 7DD0BE2E231033FF008A7A8A /* Todoey.app */;
			productType = "com.apple.product-type.application";
		};
/* End PBXNativeTarget section */

/* Begin PBXProject section */
		7DD0BE26231033FF008A7A8A /* Project object */ = {
			isa = PBXProject;
			attributes = {
				LastSwiftUpdateCheck = 1020;
				LastUpgradeCheck = 1020;
				ORGANIZATIONNAME = "Olympus KeyMed";
				TargetAttributes = {
					7DD0BE2D231033FF008A7A8A = {
						CreatedOnToolsVersion = 10.2;
					};
				};
			};
			buildConfigurationList = 7DD0BE29231033FF008A7A8A /* Build configuration list for PBXProject "Todoey" */;
			compatibilityVersion = "Xcode 9.3";
			developmentRegion = en;
			hasScannedForEncodings = 0;
			knownRegions = (
				en,
				Base,
			);
			mainGroup = 7DD0BE25231033FF008A7A8A;
			productRefGroup = 7DD0BE2F231033FF008A7A8A /* Products */;
			projectDirPath = "";
			projectRoot = "";
			targets = (
				7DD0BE2D231033FF008A7A8A /* Todoey */,
			);
		};
/* End PBXProject section */

/* Begin PBXResourcesBuildPhase section */
		7DD0BE2C231033FF008A7A8A /* Resources */ = {
			isa = PBXResourcesBuildPhase;
			buildActionMask = 2147483647;
			files = (
				7DD0BE3C23103401008A7A8A /* LaunchScreen.storyboard in Resources */,
				7DD0BE3923103401008A7A8A /* Assets.xcassets in Resources */,
				7DD0BE37231033FF008A7A8A /* Main.storyboard in Resources */,
			);
			runOnlyForDeploymentPostprocessing = 0;
		};
/* End PBXResourcesBuildPhase section */

/* Begin PBXShellScriptBuildPhase section */
		887D1C7B419C221874478028 /* [CP] Embed Pods Frameworks */ = {
			isa = PBXShellScriptBuildPhase;
			buildActionMask = 2147483647;
			files = (
			);
			inputFileListPaths = (
			);
			inputPaths = (
				"${PODS_ROOT}/Target Support Files/Pods-Todoey/Pods-Todoey-frameworks.sh",
				"${BUILT_PRODUCTS_DIR}/Realm/Realm.framework",
				"${BUILT_PRODUCTS_DIR}/RealmSwift/RealmSwift.framework",
			);
			name = "[CP] Embed Pods Frameworks";
			outputFileListPaths = (
			);
			outputPaths = (
				"${TARGET_BUILD_DIR}/${FRAMEWORKS_FOLDER_PATH}/Realm.framework",
				"${TARGET_BUILD_DIR}/${FRAMEWORKS_FOLDER_PATH}/RealmSwift.framework",
			);
			runOnlyForDeploymentPostprocessing = 0;
			shellPath = /bin/sh;
			shellScript = "\"${PODS_ROOT}/Target Support Files/Pods-Todoey/Pods-Todoey-frameworks.sh\"\n";
			showEnvVarsInLog = 0;
		};
		A7F7A6C2B4341D6B02141649 /* [CP] Check Pods Manifest.lock */ = {
			isa = PBXShellScriptBuildPhase;
			buildActionMask = 2147483647;
			files = (
			);
			inputFileListPaths = (
			);
			inputPaths = (
				"${PODS_PODFILE_DIR_PATH}/Podfile.lock",
				"${PODS_ROOT}/Manifest.lock",
			);
			name = "[CP] Check Pods Manifest.lock";
			outputFileListPaths = (
			);
			outputPaths = (
				"$(DERIVED_FILE_DIR)/Pods-Todoey-checkManifestLockResult.txt",
			);
			runOnlyForDeploymentPostprocessing = 0;
			shellPath = /bin/sh;
			shellScript = "diff \"${PODS_PODFILE_DIR_PATH}/Podfile.lock\" \"${PODS_ROOT}/Manifest.lock\" > /dev/null\nif [ $? != 0 ] ; then\n    # print error to STDERR\n    echo \"error: The sandbox is not in sync with the Podfile.lock. Run 'pod install' or update your CocoaPods installation.\" >&2\n    exit 1\nfi\n# This output is used by Xcode 'outputs' to avoid re-running this script phase.\necho \"SUCCESS\" > \"${SCRIPT_OUTPUT_FILE_0}\"\n";
			showEnvVarsInLog = 0;
		};
/* End PBXShellScriptBuildPhase section */

/* Begin PBXSourcesBuildPhase section */
		7DD0BE2A231033FF008A7A8A /* Sources */ = {
			isa = PBXSourcesBuildPhase;
			buildActionMask = 2147483647;
			files = (
				7DD0D73F2387F63E004520F2 /* CatagoryViewController.swift in Sources */,
				7DD0BE34231033FF008A7A8A /* TodoListViewController.swift in Sources */,
				7DD0D73D238693DF004520F2 /* DataModel.xcdatamodeld in Sources */,
				7D2530622354C3B4005113A2 /* Item.swift in Sources */,
				7DD0BE32231033FF008A7A8A /* AppDelegate.swift in Sources */,
			);
			runOnlyForDeploymentPostprocessing = 0;
		};
/* End PBXSourcesBuildPhase section */

/* Begin PBXVariantGroup section */
		7DD0BE35231033FF008A7A8A /* Main.storyboard */ = {
			isa = PBXVariantGroup;
			children = (
				7DD0BE36231033FF008A7A8A /* Base */,
			);
			name = Main.storyboard;
			sourceTree = "<group>";
		};
		7DD0BE3A23103401008A7A8A /* LaunchScreen.storyboard */ = {
			isa = PBXVariantGroup;
			children = (
				7DD0BE3B23103401008A7A8A /* Base */,
			);
			name = LaunchScreen.storyboard;
			sourceTree = "<group>";
		};
/* End PBXVariantGroup section */

/* Begin XCBuildConfiguration section */
		7DD0BE3E23103401008A7A8A /* Debug */ = {
			isa = XCBuildConfiguration;
			buildSettings = {
				ALWAYS_SEARCH_USER_PATHS = NO;
				CLANG_ANALYZER_NONNULL = YES;
				CLANG_ANALYZER_NUMBER_OBJECT_CONVERSION = YES_AGGRESSIVE;
				CLANG_CXX_LANGUAGE_STANDARD = "gnu++14";
				CLANG_CXX_LIBRARY = "libc++";
				CLANG_ENABLE_MODULES = YES;
				CLANG_ENABLE_OBJC_ARC = YES;
				CLANG_ENABLE_OBJC_WEAK = YES;
				CLANG_WARN_BLOCK_CAPTURE_AUTORELEASING = YES;
				CLANG_WARN_BOOL_CONVERSION = YES;
				CLANG_WARN_COMMA = YES;
				CLANG_WARN_CONSTANT_CONVERSION = YES;
				CLANG_WARN_DEPRECATED_OBJC_IMPLEMENTATIONS = YES;
				CLANG_WARN_DIRECT_OBJC_ISA_USAGE = YES_ERROR;
				CLANG_WARN_DOCUMENTATION_COMMENTS = YES;
				CLANG_WARN_EMPTY_BODY = YES;
				CLANG_WARN_ENUM_CONVERSION = YES;
				CLANG_WARN_INFINITE_RECURSION = YES;
				CLANG_WARN_INT_CONVERSION = YES;
				CLANG_WARN_NON_LITERAL_NULL_CONVERSION = YES;
				CLANG_WARN_OBJC_IMPLICIT_RETAIN_SELF = YES;
				CLANG_WARN_OBJC_LITERAL_CONVERSION = YES;
				CLANG_WARN_OBJC_ROOT_CLASS = YES_ERROR;
				CLANG_WARN_RANGE_LOOP_ANALYSIS = YES;
				CLANG_WARN_STRICT_PROTOTYPES = YES;
				CLANG_WARN_SUSPICIOUS_MOVE = YES;
				CLANG_WARN_UNGUARDED_AVAILABILITY = YES_AGGRESSIVE;
				CLANG_WARN_UNREACHABLE_CODE = YES;
				CLANG_WARN__DUPLICATE_METHOD_MATCH = YES;
				CODE_SIGN_IDENTITY = "iPhone Developer";
				COPY_PHASE_STRIP = NO;
				DEBUG_INFORMATION_FORMAT = dwarf;
				ENABLE_STRICT_OBJC_MSGSEND = YES;
				ENABLE_TESTABILITY = YES;
				GCC_C_LANGUAGE_STANDARD = gnu11;
				GCC_DYNAMIC_NO_PIC = NO;
				GCC_NO_COMMON_BLOCKS = YES;
				GCC_OPTIMIZATION_LEVEL = 0;
				GCC_PREPROCESSOR_DEFINITIONS = (
					"DEBUG=1",
					"$(inherited)",
				);
				GCC_WARN_64_TO_32_BIT_CONVERSION = YES;
				GCC_WARN_ABOUT_RETURN_TYPE = YES_ERROR;
				GCC_WARN_UNDECLARED_SELECTOR = YES;
				GCC_WARN_UNINITIALIZED_AUTOS = YES_AGGRESSIVE;
				GCC_WARN_UNUSED_FUNCTION = YES;
				GCC_WARN_UNUSED_VARIABLE = YES;
				IPHONEOS_DEPLOYMENT_TARGET = 12.2;
				MTL_ENABLE_DEBUG_INFO = INCLUDE_SOURCE;
				MTL_FAST_MATH = YES;
				ONLY_ACTIVE_ARCH = YES;
				SDKROOT = iphoneos;
				SWIFT_ACTIVE_COMPILATION_CONDITIONS = DEBUG;
				SWIFT_OPTIMIZATION_LEVEL = "-Onone";
			};
			name = Debug;
		};
		7DD0BE3F23103401008A7A8A /* Release */ = {
			isa = XCBuildConfiguration;
			buildSettings = {
				ALWAYS_SEARCH_USER_PATHS = NO;
				CLANG_ANALYZER_NONNULL = YES;
				CLANG_ANALYZER_NUMBER_OBJECT_CONVERSION = YES_AGGRESSIVE;
				CLANG_CXX_LANGUAGE_STANDARD = "gnu++14";
				CLANG_CXX_LIBRARY = "libc++";
				CLANG_ENABLE_MODULES = YES;
				CLANG_ENABLE_OBJC_ARC = YES;
				CLANG_ENABLE_OBJC_WEAK = YES;
				CLANG_WARN_BLOCK_CAPTURE_AUTORELEASING = YES;
				CLANG_WARN_BOOL_CONVERSION = YES;
				CLANG_WARN_COMMA = YES;
				CLANG_WARN_CONSTANT_CONVERSION = YES;
				CLANG_WARN_DEPRECATED_OBJC_IMPLEMENTATIONS = YES;
				CLANG_WARN_DIRECT_OBJC_ISA_USAGE = YES_ERROR;
				CLANG_WARN_DOCUMENTATION_COMMENTS = YES;
				CLANG_WARN_EMPTY_BODY = YES;
				CLANG_WARN_ENUM_CONVERSION = YES;
				CLANG_WARN_INFINITE_RECURSION = YES;
				CLANG_WARN_INT_CONVERSION = YES;
				CLANG_WARN_NON_LITERAL_NULL_CONVERSION = YES;
				CLANG_WARN_OBJC_IMPLICIT_RETAIN_SELF = YES;
				CLANG_WARN_OBJC_LITERAL_CONVERSION = YES;
				CLANG_WARN_OBJC_ROOT_CLASS = YES_ERROR;
				CLANG_WARN_RANGE_LOOP_ANALYSIS = YES;
				CLANG_WARN_STRICT_PROTOTYPES = YES;
				CLANG_WARN_SUSPICIOUS_MOVE = YES;
				CLANG_WARN_UNGUARDED_AVAILABILITY = YES_AGGRESSIVE;
				CLANG_WARN_UNREACHABLE_CODE = YES;
				CLANG_WARN__DUPLICATE_METHOD_MATCH = YES;
				CODE_SIGN_IDENTITY = "iPhone Developer";
				COPY_PHASE_STRIP = NO;
				DEBUG_INFORMATION_FORMAT = "dwarf-with-dsym";
				ENABLE_NS_ASSERTIONS = NO;
				ENABLE_STRICT_OBJC_MSGSEND = YES;
				GCC_C_LANGUAGE_STANDARD = gnu11;
				GCC_NO_COMMON_BLOCKS = YES;
				GCC_WARN_64_TO_32_BIT_CONVERSION = YES;
				GCC_WARN_ABOUT_RETURN_TYPE = YES_ERROR;
				GCC_WARN_UNDECLARED_SELECTOR = YES;
				GCC_WARN_UNINITIALIZED_AUTOS = YES_AGGRESSIVE;
				GCC_WARN_UNUSED_FUNCTION = YES;
				GCC_WARN_UNUSED_VARIABLE = YES;
				IPHONEOS_DEPLOYMENT_TARGET = 12.2;
				MTL_ENABLE_DEBUG_INFO = NO;
				MTL_FAST_MATH = YES;
				SDKROOT = iphoneos;
				SWIFT_COMPILATION_MODE = wholemodule;
				SWIFT_OPTIMIZATION_LEVEL = "-O";
				VALIDATE_PRODUCT = YES;
			};
			name = Release;
		};
		7DD0BE4123103401008A7A8A /* Debug */ = {
			isa = XCBuildConfiguration;
			baseConfigurationReference = 2A97B9CDE625D9A991D84115 /* Pods-Todoey.debug.xcconfig */;
			buildSettings = {
				ASSETCATALOG_COMPILER_APPICON_NAME = AppIcon;
				CODE_SIGN_STYLE = Automatic;
				DEVELOPMENT_TEAM = QKM52R3FJ6;
				INFOPLIST_FILE = Todoey/Info.plist;
				LD_RUNPATH_SEARCH_PATHS = (
					"$(inherited)",
					"@executable_path/Frameworks",
				);
				PRODUCT_BUNDLE_IDENTIFIER = com.Olympus.Todoey;
				PRODUCT_NAME = "$(TARGET_NAME)";
				SWIFT_VERSION = 5.0;
				TARGETED_DEVICE_FAMILY = "1,2";
			};
			name = Debug;
		};
		7DD0BE4223103401008A7A8A /* Release */ = {
			isa = XCBuildConfiguration;
			baseConfigurationReference = 7FE81E0AEC49D014A37C9F56 /* Pods-Todoey.release.xcconfig */;
			buildSettings = {
				ASSETCATALOG_COMPILER_APPICON_NAME = AppIcon;
				CODE_SIGN_STYLE = Automatic;
				DEVELOPMENT_TEAM = QKM52R3FJ6;
				INFOPLIST_FILE = Todoey/Info.plist;
				LD_RUNPATH_SEARCH_PATHS = (
					"$(inherited)",
					"@executable_path/Frameworks",
				);
				PRODUCT_BUNDLE_IDENTIFIER = com.Olympus.Todoey;
				PRODUCT_NAME = "$(TARGET_NAME)";
				SWIFT_VERSION = 5.0;
				TARGETED_DEVICE_FAMILY = "1,2";
			};
			name = Release;
		};
/* End XCBuildConfiguration section */

/* Begin XCConfigurationList section */
		7DD0BE29231033FF008A7A8A /* Build configuration list for PBXProject "Todoey" */ = {
			isa = XCConfigurationList;
			buildConfigurations = (
				7DD0BE3E23103401008A7A8A /* Debug */,
				7DD0BE3F23103401008A7A8A /* Release */,
			);
			defaultConfigurationIsVisible = 0;
			defaultConfigurationName = Release;
		};
		7DD0BE4023103401008A7A8A /* Build configuration list for PBXNativeTarget "Todoey" */ = {
			isa = XCConfigurationList;
			buildConfigurations = (
				7DD0BE4123103401008A7A8A /* Debug */,
				7DD0BE4223103401008A7A8A /* Release */,
			);
			defaultConfigurationIsVisible = 0;
			defaultConfigurationName = Release;
		};
/* End XCConfigurationList section */

/* Begin XCVersionGroup section */
		7DD0D73B238693DF004520F2 /* DataModel.xcdatamodeld */ = {
			isa = XCVersionGroup;
			children = (
				7DD0D73C238693DF004520F2 /* DataModel.xcdatamodel */,
			);
			currentVersion = 7DD0D73C238693DF004520F2 /* DataModel.xcdatamodel */;
			path = DataModel.xcdatamodeld;
			sourceTree = "<group>";
			versionGroupType = wrapper.xcdatamodel;
		};
/* End XCVersionGroup section */
	};
	rootObject = 7DD0BE26231033FF008A7A8A /* Project object */;
}
